// !$*UTF8*$!
{
	archiveVersion = 1;
	classes = {
	};
	objectVersion = 46;
	objects = {

/* Begin PBXBuildFile section */
		8E9CD4161DC09A1400E6FD32 /* UIColorExtension.swift in Sources */ = {isa = PBXBuildFile; fileRef = 8E9CD4151DC09A1400E6FD32 /* UIColorExtension.swift */; };
		8E9CD4181DC09C7F00E6FD32 /* ConstDefine.swift in Sources */ = {isa = PBXBuildFile; fileRef = 8E9CD4171DC09C7F00E6FD32 /* ConstDefine.swift */; };
		8E9CD41A1DC09F5800E6FD32 /* UIViewExtension.swift in Sources */ = {isa = PBXBuildFile; fileRef = 8E9CD4191DC09F5800E6FD32 /* UIViewExtension.swift */; };
		8E9CD4241DC202B300E6FD32 /* WebAPIBase.swift in Sources */ = {isa = PBXBuildFile; fileRef = 8E9CD4231DC202B300E6FD32 /* WebAPIBase.swift */; };
		8EBFB8A11D78184800568EC7 /* AppDelegate.swift in Sources */ = {isa = PBXBuildFile; fileRef = 8EBFB8A01D78184800568EC7 /* AppDelegate.swift */; };
		8EBFB8A61D78184800568EC7 /* Main.storyboard in Resources */ = {isa = PBXBuildFile; fileRef = 8EBFB8A41D78184800568EC7 /* Main.storyboard */; };
		8EBFB8A81D78184800568EC7 /* Assets.xcassets in Resources */ = {isa = PBXBuildFile; fileRef = 8EBFB8A71D78184800568EC7 /* Assets.xcassets */; };
		8EBFB8AB1D78184800568EC7 /* LaunchScreen.storyboard in Resources */ = {isa = PBXBuildFile; fileRef = 8EBFB8A91D78184800568EC7 /* LaunchScreen.storyboard */; };
		8EBFB8B61D78184800568EC7 /* BookReaderTests.swift in Sources */ = {isa = PBXBuildFile; fileRef = 8EBFB8B51D78184800568EC7 /* BookReaderTests.swift */; };
		8EBFB8C11D78184800568EC7 /* BookReaderUITests.swift in Sources */ = {isa = PBXBuildFile; fileRef = 8EBFB8C01D78184800568EC7 /* BookReaderUITests.swift */; };
		8ED286D51DC322A30044A39F /* ProfileViewController.swift in Sources */ = {isa = PBXBuildFile; fileRef = 8ED286C91DC322A30044A39F /* ProfileViewController.swift */; };
		8ED286D61DC322A30044A39F /* SettingCenterViewController.swift in Sources */ = {isa = PBXBuildFile; fileRef = 8ED286CA1DC322A30044A39F /* SettingCenterViewController.swift */; };
		8ED286D71DC322A30044A39F /* UserBookListViewController.swift in Sources */ = {isa = PBXBuildFile; fileRef = 8ED286CB1DC322A30044A39F /* UserBookListViewController.swift */; };
		8ED286D81DC322A30044A39F /* DNavigationController.swift in Sources */ = {isa = PBXBuildFile; fileRef = 8ED286CC1DC322A30044A39F /* DNavigationController.swift */; };
		8ED286D91DC322A30044A39F /* LeftMenuViewController.swift in Sources */ = {isa = PBXBuildFile; fileRef = 8ED286CE1DC322A30044A39F /* LeftMenuViewController.swift */; };
		8ED286DA1DC322A30044A39F /* SideMenuTableViewCellModel.swift in Sources */ = {isa = PBXBuildFile; fileRef = 8ED286D01DC322A30044A39F /* SideMenuTableViewCellModel.swift */; };
		8ED286DB1DC322A30044A39F /* RightMenuViewController.swift in Sources */ = {isa = PBXBuildFile; fileRef = 8ED286D11DC322A30044A39F /* RightMenuViewController.swift */; };
		8ED286DC1DC322A30044A39F /* LeftSideMenuTableViewCell.swift in Sources */ = {isa = PBXBuildFile; fileRef = 8ED286D31DC322A30044A39F /* LeftSideMenuTableViewCell.swift */; };
		8ED286DD1DC322A30044A39F /* RightSideMenuTableViewCell.swift in Sources */ = {isa = PBXBuildFile; fileRef = 8ED286D41DC322A30044A39F /* RightSideMenuTableViewCell.swift */; };
		8ED286DF1DC3244F0044A39F /* CenterViewController.swift in Sources */ = {isa = PBXBuildFile; fileRef = 8ED286DE1DC3244F0044A39F /* CenterViewController.swift */; };
		8ED286E21DC32BB10044A39F /* UserBookListTableViewCell.swift in Sources */ = {isa = PBXBuildFile; fileRef = 8ED286E11DC32BB10044A39F /* UserBookListTableViewCell.swift */; };
		8ED286E41DC32D700044A39F /* UserBookModel.swift in Sources */ = {isa = PBXBuildFile; fileRef = 8ED286E31DC32D700044A39F /* UserBookModel.swift */; };
		8ED286E61DC32FAA0044A39F /* UserBookWebAPI.swift in Sources */ = {isa = PBXBuildFile; fileRef = 8ED286E51DC32FAA0044A39F /* UserBookWebAPI.swift */; };
		8ED286E81DC333310044A39F /* QiDianWebAPI.swift in Sources */ = {isa = PBXBuildFile; fileRef = 8ED286E71DC333310044A39F /* QiDianWebAPI.swift */; };
		8ED286EA1DC333DB0044A39F /* QiDianBookModel.swift in Sources */ = {isa = PBXBuildFile; fileRef = 8ED286E91DC333DB0044A39F /* QiDianBookModel.swift */; };
		8EE70E0E1D781CAD000A5C37 /* MainViewController.swift in Sources */ = {isa = PBXBuildFile; fileRef = 8EE70E0D1D781CAD000A5C37 /* MainViewController.swift */; };
		8EE70E221D79140F000A5C37 /* DSwiftHelper.swift in Sources */ = {isa = PBXBuildFile; fileRef = 8EE70E211D79140F000A5C37 /* DSwiftHelper.swift */; };
		8EE70E281D79297C000A5C37 /* GCDGroup.swift in Sources */ = {isa = PBXBuildFile; fileRef = 8EE70E241D79297C000A5C37 /* GCDGroup.swift */; };
		8EE70E291D79297C000A5C37 /* GCDQueue.swift in Sources */ = {isa = PBXBuildFile; fileRef = 8EE70E251D79297C000A5C37 /* GCDQueue.swift */; };
		8EE70E2A1D79297C000A5C37 /* GCDSemaphore.swift in Sources */ = {isa = PBXBuildFile; fileRef = 8EE70E261D79297C000A5C37 /* GCDSemaphore.swift */; };
		8EE70E2B1D79297C000A5C37 /* GCDTimer.swift in Sources */ = {isa = PBXBuildFile; fileRef = 8EE70E271D79297C000A5C37 /* GCDTimer.swift */; };
		8EE70E301D7940DB000A5C37 /* UIDeviceExtension.swift in Sources */ = {isa = PBXBuildFile; fileRef = 8EE70E2F1D7940DB000A5C37 /* UIDeviceExtension.swift */; };
		8EE70E331D79754C000A5C37 /* DrawerVisualStateManager.swift in Sources */ = {isa = PBXBuildFile; fileRef = 8EE70E321D79754C000A5C37 /* DrawerVisualStateManager.swift */; };
		92061092B9336118A518AAFF /* Pods_BookReader.framework in Frameworks */ = {isa = PBXBuildFile; fileRef = FBCBCB1D88D4CB913AAA4D2E /* Pods_BookReader.framework */; };
/* End PBXBuildFile section */

/* Begin PBXContainerItemProxy section */
		8EBFB8B21D78184800568EC7 /* PBXContainerItemProxy */ = {
			isa = PBXContainerItemProxy;
			containerPortal = 8EBFB8951D78184800568EC7 /* Project object */;
			proxyType = 1;
			remoteGlobalIDString = 8EBFB89C1D78184800568EC7;
			remoteInfo = BookReader;
		};
		8EBFB8BD1D78184800568EC7 /* PBXContainerItemProxy */ = {
			isa = PBXContainerItemProxy;
			containerPortal = 8EBFB8951D78184800568EC7 /* Project object */;
			proxyType = 1;
			remoteGlobalIDString = 8EBFB89C1D78184800568EC7;
			remoteInfo = BookReader;
		};
/* End PBXContainerItemProxy section */

/* Begin PBXFileReference section */
		06539B56840048B3F6D963B2 /* Pods-BookReader.debug.xcconfig */ = {isa = PBXFileReference; includeInIndex = 1; lastKnownFileType = text.xcconfig; name = "Pods-BookReader.debug.xcconfig"; path = "Pods/Target Support Files/Pods-BookReader/Pods-BookReader.debug.xcconfig"; sourceTree = "<group>"; };
		52C76522C03BA454C6BB14FB /* Pods-BookReader.release.xcconfig */ = {isa = PBXFileReference; includeInIndex = 1; lastKnownFileType = text.xcconfig; name = "Pods-BookReader.release.xcconfig"; path = "Pods/Target Support Files/Pods-BookReader/Pods-BookReader.release.xcconfig"; sourceTree = "<group>"; };
		8E9CD4151DC09A1400E6FD32 /* UIColorExtension.swift */ = {isa = PBXFileReference; fileEncoding = 4; lastKnownFileType = sourcecode.swift; path = UIColorExtension.swift; sourceTree = "<group>"; };
		8E9CD4171DC09C7F00E6FD32 /* ConstDefine.swift */ = {isa = PBXFileReference; fileEncoding = 4; lastKnownFileType = sourcecode.swift; path = ConstDefine.swift; sourceTree = "<group>"; };
		8E9CD4191DC09F5800E6FD32 /* UIViewExtension.swift */ = {isa = PBXFileReference; fileEncoding = 4; lastKnownFileType = sourcecode.swift; path = UIViewExtension.swift; sourceTree = "<group>"; };
		8E9CD4231DC202B300E6FD32 /* WebAPIBase.swift */ = {isa = PBXFileReference; fileEncoding = 4; lastKnownFileType = sourcecode.swift; path = WebAPIBase.swift; sourceTree = "<group>"; };
		8EA062DD1D9116DC002B13BF /* RTRootNavigationController.framework */ = {isa = PBXFileReference; lastKnownFileType = wrapper.framework; name = RTRootNavigationController.framework; path = "../../../../../../../Users/Arthur/Library/Developer/Xcode/DerivedData/BookReader-duxcatpwmrewxxggibqavspfjoch/Build/Products/Debug-iphonesimulator/RTRootNavigationController/RTRootNavigationController.framework"; sourceTree = "<group>"; };
		8EBFB89D1D78184800568EC7 /* BookReader.app */ = {isa = PBXFileReference; explicitFileType = wrapper.application; includeInIndex = 0; path = BookReader.app; sourceTree = BUILT_PRODUCTS_DIR; };
		8EBFB8A01D78184800568EC7 /* AppDelegate.swift */ = {isa = PBXFileReference; lastKnownFileType = sourcecode.swift; path = AppDelegate.swift; sourceTree = "<group>"; };
		8EBFB8A51D78184800568EC7 /* Base */ = {isa = PBXFileReference; lastKnownFileType = file.storyboard; name = Base; path = Base.lproj/Main.storyboard; sourceTree = "<group>"; };
		8EBFB8A71D78184800568EC7 /* Assets.xcassets */ = {isa = PBXFileReference; lastKnownFileType = folder.assetcatalog; path = Assets.xcassets; sourceTree = "<group>"; };
		8EBFB8AA1D78184800568EC7 /* Base */ = {isa = PBXFileReference; lastKnownFileType = file.storyboard; name = Base; path = Base.lproj/LaunchScreen.storyboard; sourceTree = "<group>"; };
		8EBFB8AC1D78184800568EC7 /* Info.plist */ = {isa = PBXFileReference; lastKnownFileType = text.plist.xml; path = Info.plist; sourceTree = "<group>"; };
		8EBFB8B11D78184800568EC7 /* BookReaderTests.xctest */ = {isa = PBXFileReference; explicitFileType = wrapper.cfbundle; includeInIndex = 0; path = BookReaderTests.xctest; sourceTree = BUILT_PRODUCTS_DIR; };
		8EBFB8B51D78184800568EC7 /* BookReaderTests.swift */ = {isa = PBXFileReference; lastKnownFileType = sourcecode.swift; path = BookReaderTests.swift; sourceTree = "<group>"; };
		8EBFB8B71D78184800568EC7 /* Info.plist */ = {isa = PBXFileReference; lastKnownFileType = text.plist.xml; path = Info.plist; sourceTree = "<group>"; };
		8EBFB8BC1D78184800568EC7 /* BookReaderUITests.xctest */ = {isa = PBXFileReference; explicitFileType = wrapper.cfbundle; includeInIndex = 0; path = BookReaderUITests.xctest; sourceTree = BUILT_PRODUCTS_DIR; };
		8EBFB8C01D78184800568EC7 /* BookReaderUITests.swift */ = {isa = PBXFileReference; lastKnownFileType = sourcecode.swift; path = BookReaderUITests.swift; sourceTree = "<group>"; };
		8EBFB8C21D78184800568EC7 /* Info.plist */ = {isa = PBXFileReference; lastKnownFileType = text.plist.xml; path = Info.plist; sourceTree = "<group>"; };
		8ED286C91DC322A30044A39F /* ProfileViewController.swift */ = {isa = PBXFileReference; fileEncoding = 4; lastKnownFileType = sourcecode.swift; path = ProfileViewController.swift; sourceTree = "<group>"; };
		8ED286CA1DC322A30044A39F /* SettingCenterViewController.swift */ = {isa = PBXFileReference; fileEncoding = 4; lastKnownFileType = sourcecode.swift; path = SettingCenterViewController.swift; sourceTree = "<group>"; };
		8ED286CB1DC322A30044A39F /* UserBookListViewController.swift */ = {isa = PBXFileReference; fileEncoding = 4; lastKnownFileType = sourcecode.swift; path = UserBookListViewController.swift; sourceTree = "<group>"; };
		8ED286CC1DC322A30044A39F /* DNavigationController.swift */ = {isa = PBXFileReference; fileEncoding = 4; lastKnownFileType = sourcecode.swift; path = DNavigationController.swift; sourceTree = "<group>"; };
		8ED286CE1DC322A30044A39F /* LeftMenuViewController.swift */ = {isa = PBXFileReference; fileEncoding = 4; lastKnownFileType = sourcecode.swift; path = LeftMenuViewController.swift; sourceTree = "<group>"; };
		8ED286D01DC322A30044A39F /* SideMenuTableViewCellModel.swift */ = {isa = PBXFileReference; fileEncoding = 4; lastKnownFileType = sourcecode.swift; path = SideMenuTableViewCellModel.swift; sourceTree = "<group>"; };
		8ED286D11DC322A30044A39F /* RightMenuViewController.swift */ = {isa = PBXFileReference; fileEncoding = 4; lastKnownFileType = sourcecode.swift; path = RightMenuViewController.swift; sourceTree = "<group>"; };
		8ED286D31DC322A30044A39F /* LeftSideMenuTableViewCell.swift */ = {isa = PBXFileReference; fileEncoding = 4; lastKnownFileType = sourcecode.swift; path = LeftSideMenuTableViewCell.swift; sourceTree = "<group>"; };
		8ED286D41DC322A30044A39F /* RightSideMenuTableViewCell.swift */ = {isa = PBXFileReference; fileEncoding = 4; lastKnownFileType = sourcecode.swift; path = RightSideMenuTableViewCell.swift; sourceTree = "<group>"; };
		8ED286DE1DC3244F0044A39F /* CenterViewController.swift */ = {isa = PBXFileReference; fileEncoding = 4; lastKnownFileType = sourcecode.swift; path = CenterViewController.swift; sourceTree = "<group>"; };
		8ED286E11DC32BB10044A39F /* UserBookListTableViewCell.swift */ = {isa = PBXFileReference; fileEncoding = 4; lastKnownFileType = sourcecode.swift; path = UserBookListTableViewCell.swift; sourceTree = "<group>"; };
		8ED286E31DC32D700044A39F /* UserBookModel.swift */ = {isa = PBXFileReference; fileEncoding = 4; lastKnownFileType = sourcecode.swift; path = UserBookModel.swift; sourceTree = "<group>"; };
		8ED286E51DC32FAA0044A39F /* UserBookWebAPI.swift */ = {isa = PBXFileReference; fileEncoding = 4; lastKnownFileType = sourcecode.swift; path = UserBookWebAPI.swift; sourceTree = "<group>"; };
		8ED286E71DC333310044A39F /* QiDianWebAPI.swift */ = {isa = PBXFileReference; fileEncoding = 4; lastKnownFileType = sourcecode.swift; path = QiDianWebAPI.swift; sourceTree = "<group>"; };
		8ED286E91DC333DB0044A39F /* QiDianBookModel.swift */ = {isa = PBXFileReference; fileEncoding = 4; lastKnownFileType = sourcecode.swift; path = QiDianBookModel.swift; sourceTree = "<group>"; };
		8EE70E0D1D781CAD000A5C37 /* MainViewController.swift */ = {isa = PBXFileReference; fileEncoding = 4; lastKnownFileType = sourcecode.swift; path = MainViewController.swift; sourceTree = "<group>"; };
		8EE70E211D79140F000A5C37 /* DSwiftHelper.swift */ = {isa = PBXFileReference; fileEncoding = 4; lastKnownFileType = sourcecode.swift; path = DSwiftHelper.swift; sourceTree = "<group>"; };
		8EE70E241D79297C000A5C37 /* GCDGroup.swift */ = {isa = PBXFileReference; fileEncoding = 4; lastKnownFileType = sourcecode.swift; path = GCDGroup.swift; sourceTree = "<group>"; };
		8EE70E251D79297C000A5C37 /* GCDQueue.swift */ = {isa = PBXFileReference; fileEncoding = 4; lastKnownFileType = sourcecode.swift; path = GCDQueue.swift; sourceTree = "<group>"; };
		8EE70E261D79297C000A5C37 /* GCDSemaphore.swift */ = {isa = PBXFileReference; fileEncoding = 4; lastKnownFileType = sourcecode.swift; path = GCDSemaphore.swift; sourceTree = "<group>"; };
		8EE70E271D79297C000A5C37 /* GCDTimer.swift */ = {isa = PBXFileReference; fileEncoding = 4; lastKnownFileType = sourcecode.swift; path = GCDTimer.swift; sourceTree = "<group>"; };
		8EE70E2C1D7929EF000A5C37 /* README.md */ = {isa = PBXFileReference; fileEncoding = 4; lastKnownFileType = net.daringfireball.markdown; path = README.md; sourceTree = "<group>"; };
		8EE70E2F1D7940DB000A5C37 /* UIDeviceExtension.swift */ = {isa = PBXFileReference; fileEncoding = 4; lastKnownFileType = sourcecode.swift; path = UIDeviceExtension.swift; sourceTree = "<group>"; };
		8EE70E321D79754C000A5C37 /* DrawerVisualStateManager.swift */ = {isa = PBXFileReference; fileEncoding = 4; lastKnownFileType = sourcecode.swift; path = DrawerVisualStateManager.swift; sourceTree = "<group>"; };
		FBCBCB1D88D4CB913AAA4D2E /* Pods_BookReader.framework */ = {isa = PBXFileReference; explicitFileType = wrapper.framework; includeInIndex = 0; path = Pods_BookReader.framework; sourceTree = BUILT_PRODUCTS_DIR; };
/* End PBXFileReference section */

/* Begin PBXFrameworksBuildPhase section */
		8EBFB89A1D78184800568EC7 /* Frameworks */ = {
			isa = PBXFrameworksBuildPhase;
			buildActionMask = 2147483647;
			files = (
				92061092B9336118A518AAFF /* Pods_BookReader.framework in Frameworks */,
			);
			runOnlyForDeploymentPostprocessing = 0;
		};
		8EBFB8AE1D78184800568EC7 /* Frameworks */ = {
			isa = PBXFrameworksBuildPhase;
			buildActionMask = 2147483647;
			files = (
			);
			runOnlyForDeploymentPostprocessing = 0;
		};
		8EBFB8B91D78184800568EC7 /* Frameworks */ = {
			isa = PBXFrameworksBuildPhase;
			buildActionMask = 2147483647;
			files = (
			);
			runOnlyForDeploymentPostprocessing = 0;
		};
/* End PBXFrameworksBuildPhase section */

/* Begin PBXGroup section */
		8E9CD4211DC2029D00E6FD32 /* Common */ = {
			isa = PBXGroup;
			children = (
				8E9CD4221DC2029D00E6FD32 /* WebAPI */,
			);
			path = Common;
			sourceTree = "<group>";
		};
		8E9CD4221DC2029D00E6FD32 /* WebAPI */ = {
			isa = PBXGroup;
			children = (
				8E9CD4231DC202B300E6FD32 /* WebAPIBase.swift */,
				8ED286E51DC32FAA0044A39F /* UserBookWebAPI.swift */,
				8ED286E71DC333310044A39F /* QiDianWebAPI.swift */,
			);
			path = WebAPI;
			sourceTree = "<group>";
		};
		8EBFB8941D78184800568EC7 = {
			isa = PBXGroup;
			children = (
				8EBFB89F1D78184800568EC7 /* BookReader */,
				8EBFB8B41D78184800568EC7 /* BookReaderTests */,
				8EBFB8BF1D78184800568EC7 /* BookReaderUITests */,
				8EBFB89E1D78184800568EC7 /* Products */,
				97CA877530388D642995E322 /* Pods */,
				A04E9D44F967D6141AE592FF /* Frameworks */,
			);
			sourceTree = "<group>";
		};
		8EBFB89E1D78184800568EC7 /* Products */ = {
			isa = PBXGroup;
			children = (
				8EBFB89D1D78184800568EC7 /* BookReader.app */,
				8EBFB8B11D78184800568EC7 /* BookReaderTests.xctest */,
				8EBFB8BC1D78184800568EC7 /* BookReaderUITests.xctest */,
			);
			name = Products;
			sourceTree = "<group>";
		};
		8EBFB89F1D78184800568EC7 /* BookReader */ = {
			isa = PBXGroup;
			children = (
				8EE70E1E1D7913E9000A5C37 /* DSwiftHelper */,
				8E9CD4211DC2029D00E6FD32 /* Common */,
				8ED286C61DC322A30044A39F /* Controllers */,
				8EBFB8A01D78184800568EC7 /* AppDelegate.swift */,
				8EE70E0D1D781CAD000A5C37 /* MainViewController.swift */,
				8EE70E321D79754C000A5C37 /* DrawerVisualStateManager.swift */,
				8EBFB8A71D78184800568EC7 /* Assets.xcassets */,
				8EBFB8AC1D78184800568EC7 /* Info.plist */,
				8EE70E111D781CFF000A5C37 /* Storyboard */,
				8E9CD4171DC09C7F00E6FD32 /* ConstDefine.swift */,
			);
			path = BookReader;
			sourceTree = "<group>";
		};
		8EBFB8B41D78184800568EC7 /* BookReaderTests */ = {
			isa = PBXGroup;
			children = (
				8EBFB8B51D78184800568EC7 /* BookReaderTests.swift */,
				8EBFB8B71D78184800568EC7 /* Info.plist */,
			);
			path = BookReaderTests;
			sourceTree = "<group>";
		};
		8EBFB8BF1D78184800568EC7 /* BookReaderUITests */ = {
			isa = PBXGroup;
			children = (
				8EBFB8C01D78184800568EC7 /* BookReaderUITests.swift */,
				8EBFB8C21D78184800568EC7 /* Info.plist */,
			);
			path = BookReaderUITests;
			sourceTree = "<group>";
		};
		8ED286C61DC322A30044A39F /* Controllers */ = {
			isa = PBXGroup;
			children = (
				8ED286CC1DC322A30044A39F /* DNavigationController.swift */,
				8ED286C71DC322A30044A39F /* CenterViewControllers */,
				8ED286CD1DC322A30044A39F /* SideMenu */,
			);
			path = Controllers;
			sourceTree = "<group>";
		};
		8ED286C71DC322A30044A39F /* CenterViewControllers */ = {
			isa = PBXGroup;
			children = (
				8ED286C81DC322A30044A39F /* Model */,
				8ED286E01DC32AD80044A39F /* View */,
				8ED286C91DC322A30044A39F /* ProfileViewController.swift */,
				8ED286CA1DC322A30044A39F /* SettingCenterViewController.swift */,
				8ED286CB1DC322A30044A39F /* UserBookListViewController.swift */,
				8ED286DE1DC3244F0044A39F /* CenterViewController.swift */,
			);
			path = CenterViewControllers;
			sourceTree = "<group>";
		};
		8ED286C81DC322A30044A39F /* Model */ = {
			isa = PBXGroup;
			children = (
				8ED286E31DC32D700044A39F /* UserBookModel.swift */,
				8ED286E91DC333DB0044A39F /* QiDianBookModel.swift */,
			);
			path = Model;
			sourceTree = "<group>";
		};
		8ED286CD1DC322A30044A39F /* SideMenu */ = {
			isa = PBXGroup;
			children = (
				8ED286CF1DC322A30044A39F /* Model */,
				8ED286D21DC322A30044A39F /* View */,
				8ED286CE1DC322A30044A39F /* LeftMenuViewController.swift */,
				8ED286D11DC322A30044A39F /* RightMenuViewController.swift */,
			);
			path = SideMenu;
			sourceTree = "<group>";
		};
		8ED286CF1DC322A30044A39F /* Model */ = {
			isa = PBXGroup;
			children = (
				8ED286D01DC322A30044A39F /* SideMenuTableViewCellModel.swift */,
			);
			path = Model;
			sourceTree = "<group>";
		};
		8ED286D21DC322A30044A39F /* View */ = {
			isa = PBXGroup;
			children = (
				8ED286D31DC322A30044A39F /* LeftSideMenuTableViewCell.swift */,
				8ED286D41DC322A30044A39F /* RightSideMenuTableViewCell.swift */,
			);
			path = View;
			sourceTree = "<group>";
		};
		8ED286E01DC32AD80044A39F /* View */ = {
			isa = PBXGroup;
			children = (
				8ED286E11DC32BB10044A39F /* UserBookListTableViewCell.swift */,
			);
			path = View;
			sourceTree = "<group>";
		};
		8EE70E111D781CFF000A5C37 /* Storyboard */ = {
			isa = PBXGroup;
			children = (
				8EBFB8A41D78184800568EC7 /* Main.storyboard */,
				8EBFB8A91D78184800568EC7 /* LaunchScreen.storyboard */,
			);
			name = Storyboard;
			sourceTree = "<group>";
		};
		8EE70E1E1D7913E9000A5C37 /* DSwiftHelper */ = {
			isa = PBXGroup;
			children = (
				8EE70E2E1D7940AD000A5C37 /* extension */,
				8EE70E231D79297C000A5C37 /* GCD */,
				8EE70E211D79140F000A5C37 /* DSwiftHelper.swift */,
			);
			path = DSwiftHelper;
			sourceTree = "<group>";
		};
		8EE70E231D79297C000A5C37 /* GCD */ = {
			isa = PBXGroup;
			children = (
				8EE70E241D79297C000A5C37 /* GCDGroup.swift */,
				8EE70E251D79297C000A5C37 /* GCDQueue.swift */,
				8EE70E261D79297C000A5C37 /* GCDSemaphore.swift */,
				8EE70E271D79297C000A5C37 /* GCDTimer.swift */,
				8EE70E2C1D7929EF000A5C37 /* README.md */,
			);
			path = GCD;
			sourceTree = "<group>";
		};
		8EE70E2E1D7940AD000A5C37 /* extension */ = {
			isa = PBXGroup;
			children = (
				8EE70E2F1D7940DB000A5C37 /* UIDeviceExtension.swift */,
				8E9CD4151DC09A1400E6FD32 /* UIColorExtension.swift */,
				8E9CD4191DC09F5800E6FD32 /* UIViewExtension.swift */,
			);
			path = extension;
			sourceTree = "<group>";
		};
		97CA877530388D642995E322 /* Pods */ = {
			isa = PBXGroup;
			children = (
				06539B56840048B3F6D963B2 /* Pods-BookReader.debug.xcconfig */,
				52C76522C03BA454C6BB14FB /* Pods-BookReader.release.xcconfig */,
			);
			name = Pods;
			sourceTree = "<group>";
		};
		A04E9D44F967D6141AE592FF /* Frameworks */ = {
			isa = PBXGroup;
			children = (
				8EA062DD1D9116DC002B13BF /* RTRootNavigationController.framework */,
				FBCBCB1D88D4CB913AAA4D2E /* Pods_BookReader.framework */,
			);
			name = Frameworks;
			sourceTree = "<group>";
		};
/* End PBXGroup section */

/* Begin PBXNativeTarget section */
		8EBFB89C1D78184800568EC7 /* BookReader */ = {
			isa = PBXNativeTarget;
			buildConfigurationList = 8EBFB8C51D78184800568EC7 /* Build configuration list for PBXNativeTarget "BookReader" */;
			buildPhases = (
				0038FB75584C6CF224B1D0C1 /* [CP] Check Pods Manifest.lock */,
				8EBFB8991D78184800568EC7 /* Sources */,
				8EBFB89A1D78184800568EC7 /* Frameworks */,
				8EBFB89B1D78184800568EC7 /* Resources */,
				5B3B2C45083A71FF02C631A2 /* [CP] Embed Pods Frameworks */,
				90B9DFF07A3744FCD2B770CF /* [CP] Copy Pods Resources */,
			);
			buildRules = (
			);
			dependencies = (
			);
			name = BookReader;
			productName = BookReader;
			productReference = 8EBFB89D1D78184800568EC7 /* BookReader.app */;
			productType = "com.apple.product-type.application";
		};
		8EBFB8B01D78184800568EC7 /* BookReaderTests */ = {
			isa = PBXNativeTarget;
			buildConfigurationList = 8EBFB8C81D78184800568EC7 /* Build configuration list for PBXNativeTarget "BookReaderTests" */;
			buildPhases = (
				8EBFB8AD1D78184800568EC7 /* Sources */,
				8EBFB8AE1D78184800568EC7 /* Frameworks */,
				8EBFB8AF1D78184800568EC7 /* Resources */,
			);
			buildRules = (
			);
			dependencies = (
				8EBFB8B31D78184800568EC7 /* PBXTargetDependency */,
			);
			name = BookReaderTests;
			productName = BookReaderTests;
			productReference = 8EBFB8B11D78184800568EC7 /* BookReaderTests.xctest */;
			productType = "com.apple.product-type.bundle.unit-test";
		};
		8EBFB8BB1D78184800568EC7 /* BookReaderUITests */ = {
			isa = PBXNativeTarget;
			buildConfigurationList = 8EBFB8CB1D78184800568EC7 /* Build configuration list for PBXNativeTarget "BookReaderUITests" */;
			buildPhases = (
				8EBFB8B81D78184800568EC7 /* Sources */,
				8EBFB8B91D78184800568EC7 /* Frameworks */,
				8EBFB8BA1D78184800568EC7 /* Resources */,
			);
			buildRules = (
			);
			dependencies = (
				8EBFB8BE1D78184800568EC7 /* PBXTargetDependency */,
			);
			name = BookReaderUITests;
			productName = BookReaderUITests;
			productReference = 8EBFB8BC1D78184800568EC7 /* BookReaderUITests.xctest */;
			productType = "com.apple.product-type.bundle.ui-testing";
		};
/* End PBXNativeTarget section */

/* Begin PBXProject section */
		8EBFB8951D78184800568EC7 /* Project object */ = {
			isa = PBXProject;
			attributes = {
				LastSwiftUpdateCheck = 0730;
				LastUpgradeCheck = 0800;
				ORGANIZATIONNAME = Arthur;
				TargetAttributes = {
					8EBFB89C1D78184800568EC7 = {
						CreatedOnToolsVersion = 7.3.1;
						DevelopmentTeam = 97LHX2YDWA;
						LastSwiftMigration = 0800;
						ProvisioningStyle = Automatic;
					};
					8EBFB8B01D78184800568EC7 = {
						CreatedOnToolsVersion = 7.3.1;
						LastSwiftMigration = 0800;
						TestTargetID = 8EBFB89C1D78184800568EC7;
					};
					8EBFB8BB1D78184800568EC7 = {
						CreatedOnToolsVersion = 7.3.1;
						LastSwiftMigration = 0800;
						TestTargetID = 8EBFB89C1D78184800568EC7;
					};
				};
			};
			buildConfigurationList = 8EBFB8981D78184800568EC7 /* Build configuration list for PBXProject "BookReader" */;
			compatibilityVersion = "Xcode 3.2";
			developmentRegion = English;
			hasScannedForEncodings = 0;
			knownRegions = (
				en,
				Base,
			);
			mainGroup = 8EBFB8941D78184800568EC7;
			productRefGroup = 8EBFB89E1D78184800568EC7 /* Products */;
			projectDirPath = "";
			projectRoot = "";
			targets = (
				8EBFB89C1D78184800568EC7 /* BookReader */,
				8EBFB8B01D78184800568EC7 /* BookReaderTests */,
				8EBFB8BB1D78184800568EC7 /* BookReaderUITests */,
			);
		};
/* End PBXProject section */

/* Begin PBXResourcesBuildPhase section */
		8EBFB89B1D78184800568EC7 /* Resources */ = {
			isa = PBXResourcesBuildPhase;
			buildActionMask = 2147483647;
			files = (
				8EBFB8AB1D78184800568EC7 /* LaunchScreen.storyboard in Resources */,
				8EBFB8A81D78184800568EC7 /* Assets.xcassets in Resources */,
				8EBFB8A61D78184800568EC7 /* Main.storyboard in Resources */,
			);
			runOnlyForDeploymentPostprocessing = 0;
		};
		8EBFB8AF1D78184800568EC7 /* Resources */ = {
			isa = PBXResourcesBuildPhase;
			buildActionMask = 2147483647;
			files = (
			);
			runOnlyForDeploymentPostprocessing = 0;
		};
		8EBFB8BA1D78184800568EC7 /* Resources */ = {
			isa = PBXResourcesBuildPhase;
			buildActionMask = 2147483647;
			files = (
			);
			runOnlyForDeploymentPostprocessing = 0;
		};
/* End PBXResourcesBuildPhase section */

/* Begin PBXShellScriptBuildPhase section */
		0038FB75584C6CF224B1D0C1 /* [CP] Check Pods Manifest.lock */ = {
			isa = PBXShellScriptBuildPhase;
			buildActionMask = 2147483647;
			files = (
			);
			inputPaths = (
			);
			name = "[CP] Check Pods Manifest.lock";
			outputPaths = (
			);
			runOnlyForDeploymentPostprocessing = 0;
			shellPath = /bin/sh;
			shellScript = "diff \"${PODS_ROOT}/../Podfile.lock\" \"${PODS_ROOT}/Manifest.lock\" > /dev/null\nif [ $? != 0 ] ; then\n    # print error to STDERR\n    echo \"error: The sandbox is not in sync with the Podfile.lock. Run 'pod install' or update your CocoaPods installation.\" >&2\n    exit 1\nfi\n";
			showEnvVarsInLog = 0;
		};
		5B3B2C45083A71FF02C631A2 /* [CP] Embed Pods Frameworks */ = {
			isa = PBXShellScriptBuildPhase;
			buildActionMask = 2147483647;
			files = (
			);
			inputPaths = (
			);
			name = "[CP] Embed Pods Frameworks";
			outputPaths = (
			);
			runOnlyForDeploymentPostprocessing = 0;
			shellPath = /bin/sh;
			shellScript = "\"${SRCROOT}/Pods/Target Support Files/Pods-BookReader/Pods-BookReader-frameworks.sh\"\n";
			showEnvVarsInLog = 0;
		};
		90B9DFF07A3744FCD2B770CF /* [CP] Copy Pods Resources */ = {
			isa = PBXShellScriptBuildPhase;
			buildActionMask = 2147483647;
			files = (
			);
			inputPaths = (
			);
			name = "[CP] Copy Pods Resources";
			outputPaths = (
			);
			runOnlyForDeploymentPostprocessing = 0;
			shellPath = /bin/sh;
			shellScript = "\"${SRCROOT}/Pods/Target Support Files/Pods-BookReader/Pods-BookReader-resources.sh\"\n";
			showEnvVarsInLog = 0;
		};
/* End PBXShellScriptBuildPhase section */

/* Begin PBXSourcesBuildPhase section */
		8EBFB8991D78184800568EC7 /* Sources */ = {
			isa = PBXSourcesBuildPhase;
			buildActionMask = 2147483647;
			files = (
				8ED286D71DC322A30044A39F /* UserBookListViewController.swift in Sources */,
				8ED286DF1DC3244F0044A39F /* CenterViewController.swift in Sources */,
				8ED286EA1DC333DB0044A39F /* QiDianBookModel.swift in Sources */,
				8E9CD4161DC09A1400E6FD32 /* UIColorExtension.swift in Sources */,
				8EE70E301D7940DB000A5C37 /* UIDeviceExtension.swift in Sources */,
				8EE70E221D79140F000A5C37 /* DSwiftHelper.swift in Sources */,
				8EE70E281D79297C000A5C37 /* GCDGroup.swift in Sources */,
				8ED286D51DC322A30044A39F /* ProfileViewController.swift in Sources */,
				8ED286DC1DC322A30044A39F /* LeftSideMenuTableViewCell.swift in Sources */,
				8EE70E2A1D79297C000A5C37 /* GCDSemaphore.swift in Sources */,
				8EBFB8A11D78184800568EC7 /* AppDelegate.swift in Sources */,
				8E9CD4181DC09C7F00E6FD32 /* ConstDefine.swift in Sources */,
				8ED286E81DC333310044A39F /* QiDianWebAPI.swift in Sources */,
				8ED286DD1DC322A30044A39F /* RightSideMenuTableViewCell.swift in Sources */,
				8EE70E0E1D781CAD000A5C37 /* MainViewController.swift in Sources */,
				8EE70E2B1D79297C000A5C37 /* GCDTimer.swift in Sources */,
				8ED286E41DC32D700044A39F /* UserBookModel.swift in Sources */,
				8EE70E291D79297C000A5C37 /* GCDQueue.swift in Sources */,
				8ED286D81DC322A30044A39F /* DNavigationController.swift in Sources */,
				8E9CD41A1DC09F5800E6FD32 /* UIViewExtension.swift in Sources */,
				8ED286DB1DC322A30044A39F /* RightMenuViewController.swift in Sources */,
				8ED286D91DC322A30044A39F /* LeftMenuViewController.swift in Sources */,
				8ED286E21DC32BB10044A39F /* UserBookListTableViewCell.swift in Sources */,
				8ED286E61DC32FAA0044A39F /* UserBookWebAPI.swift in Sources */,
				8ED286DA1DC322A30044A39F /* SideMenuTableViewCellModel.swift in Sources */,
				8ED286D61DC322A30044A39F /* SettingCenterViewController.swift in Sources */,
				8E9CD4241DC202B300E6FD32 /* WebAPIBase.swift in Sources */,
				8EE70E331D79754C000A5C37 /* DrawerVisualStateManager.swift in Sources */,
			);
			runOnlyForDeploymentPostprocessing = 0;
		};
		8EBFB8AD1D78184800568EC7 /* Sources */ = {
			isa = PBXSourcesBuildPhase;
			buildActionMask = 2147483647;
			files = (
				8EBFB8B61D78184800568EC7 /* BookReaderTests.swift in Sources */,
			);
			runOnlyForDeploymentPostprocessing = 0;
		};
		8EBFB8B81D78184800568EC7 /* Sources */ = {
			isa = PBXSourcesBuildPhase;
			buildActionMask = 2147483647;
			files = (
				8EBFB8C11D78184800568EC7 /* BookReaderUITests.swift in Sources */,
			);
			runOnlyForDeploymentPostprocessing = 0;
		};
/* End PBXSourcesBuildPhase section */

/* Begin PBXTargetDependency section */
		8EBFB8B31D78184800568EC7 /* PBXTargetDependency */ = {
			isa = PBXTargetDependency;
			target = 8EBFB89C1D78184800568EC7 /* BookReader */;
			targetProxy = 8EBFB8B21D78184800568EC7 /* PBXContainerItemProxy */;
		};
		8EBFB8BE1D78184800568EC7 /* PBXTargetDependency */ = {
			isa = PBXTargetDependency;
			target = 8EBFB89C1D78184800568EC7 /* BookReader */;
			targetProxy = 8EBFB8BD1D78184800568EC7 /* PBXContainerItemProxy */;
		};
/* End PBXTargetDependency section */

/* Begin PBXVariantGroup section */
		8EBFB8A41D78184800568EC7 /* Main.storyboard */ = {
			isa = PBXVariantGroup;
			children = (
				8EBFB8A51D78184800568EC7 /* Base */,
			);
			name = Main.storyboard;
			sourceTree = "<group>";
		};
		8EBFB8A91D78184800568EC7 /* LaunchScreen.storyboard */ = {
			isa = PBXVariantGroup;
			children = (
				8EBFB8AA1D78184800568EC7 /* Base */,
			);
			name = LaunchScreen.storyboard;
			sourceTree = "<group>";
		};
/* End PBXVariantGroup section */

/* Begin XCBuildConfiguration section */
		8EBFB8C31D78184800568EC7 /* Debug */ = {
			isa = XCBuildConfiguration;
			buildSettings = {
				ALWAYS_SEARCH_USER_PATHS = NO;
				CLANG_ANALYZER_NONNULL = YES;
				CLANG_CXX_LANGUAGE_STANDARD = "gnu++0x";
				CLANG_CXX_LIBRARY = "libc++";
				CLANG_ENABLE_MODULES = YES;
				CLANG_ENABLE_OBJC_ARC = YES;
				CLANG_WARN_BOOL_CONVERSION = YES;
				CLANG_WARN_CONSTANT_CONVERSION = YES;
				CLANG_WARN_DIRECT_OBJC_ISA_USAGE = YES_ERROR;
				CLANG_WARN_EMPTY_BODY = YES;
				CLANG_WARN_ENUM_CONVERSION = YES;
				CLANG_WARN_INFINITE_RECURSION = YES;
				CLANG_WARN_INT_CONVERSION = YES;
				CLANG_WARN_OBJC_ROOT_CLASS = YES_ERROR;
				CLANG_WARN_SUSPICIOUS_MOVE = YES;
				CLANG_WARN_UNREACHABLE_CODE = YES;
				CLANG_WARN__DUPLICATE_METHOD_MATCH = YES;
				"CODE_SIGN_IDENTITY[sdk=iphoneos*]" = "iPhone Developer";
				COPY_PHASE_STRIP = NO;
				DEBUG_INFORMATION_FORMAT = dwarf;
				ENABLE_STRICT_OBJC_MSGSEND = YES;
				ENABLE_TESTABILITY = YES;
				GCC_C_LANGUAGE_STANDARD = gnu99;
				GCC_DYNAMIC_NO_PIC = NO;
				GCC_NO_COMMON_BLOCKS = YES;
				GCC_OPTIMIZATION_LEVEL = 0;
				GCC_PREPROCESSOR_DEFINITIONS = (
					"DEBUG=1",
					"$(inherited)",
				);
				GCC_WARN_64_TO_32_BIT_CONVERSION = YES;
				GCC_WARN_ABOUT_RETURN_TYPE = YES_ERROR;
				GCC_WARN_UNDECLARED_SELECTOR = YES;
				GCC_WARN_UNINITIALIZED_AUTOS = YES_AGGRESSIVE;
				GCC_WARN_UNUSED_FUNCTION = YES;
				GCC_WARN_UNUSED_VARIABLE = YES;
				IPHONEOS_DEPLOYMENT_TARGET = 8.0;
				MTL_ENABLE_DEBUG_INFO = YES;
				ONLY_ACTIVE_ARCH = YES;
				SDKROOT = iphoneos;
				SWIFT_OPTIMIZATION_LEVEL = "-Onone";
			};
			name = Debug;
		};
		8EBFB8C41D78184800568EC7 /* Release */ = {
			isa = XCBuildConfiguration;
			buildSettings = {
				ALWAYS_SEARCH_USER_PATHS = NO;
				CLANG_ANALYZER_NONNULL = YES;
				CLANG_CXX_LANGUAGE_STANDARD = "gnu++0x";
				CLANG_CXX_LIBRARY = "libc++";
				CLANG_ENABLE_MODULES = YES;
				CLANG_ENABLE_OBJC_ARC = YES;
				CLANG_WARN_BOOL_CONVERSION = YES;
				CLANG_WARN_CONSTANT_CONVERSION = YES;
				CLANG_WARN_DIRECT_OBJC_ISA_USAGE = YES_ERROR;
				CLANG_WARN_EMPTY_BODY = YES;
				CLANG_WARN_ENUM_CONVERSION = YES;
				CLANG_WARN_INFINITE_RECURSION = YES;
				CLANG_WARN_INT_CONVERSION = YES;
				CLANG_WARN_OBJC_ROOT_CLASS = YES_ERROR;
				CLANG_WARN_SUSPICIOUS_MOVE = YES;
				CLANG_WARN_UNREACHABLE_CODE = YES;
				CLANG_WARN__DUPLICATE_METHOD_MATCH = YES;
				"CODE_SIGN_IDENTITY[sdk=iphoneos*]" = "iPhone Developer";
				COPY_PHASE_STRIP = NO;
				DEBUG_INFORMATION_FORMAT = "dwarf-with-dsym";
				ENABLE_NS_ASSERTIONS = NO;
				ENABLE_STRICT_OBJC_MSGSEND = YES;
				GCC_C_LANGUAGE_STANDARD = gnu99;
				GCC_NO_COMMON_BLOCKS = YES;
				GCC_WARN_64_TO_32_BIT_CONVERSION = YES;
				GCC_WARN_ABOUT_RETURN_TYPE = YES_ERROR;
				GCC_WARN_UNDECLARED_SELECTOR = YES;
				GCC_WARN_UNINITIALIZED_AUTOS = YES_AGGRESSIVE;
				GCC_WARN_UNUSED_FUNCTION = YES;
				GCC_WARN_UNUSED_VARIABLE = YES;
				IPHONEOS_DEPLOYMENT_TARGET = 8.0;
				MTL_ENABLE_DEBUG_INFO = NO;
				SDKROOT = iphoneos;
				SWIFT_OPTIMIZATION_LEVEL = "-Owholemodule";
				VALIDATE_PRODUCT = YES;
			};
			name = Release;
		};
		8EBFB8C61D78184800568EC7 /* Debug */ = {
			isa = XCBuildConfiguration;
			baseConfigurationReference = 06539B56840048B3F6D963B2 /* Pods-BookReader.debug.xcconfig */;
			buildSettings = {
				ASSETCATALOG_COMPILER_APPICON_NAME = AppIcon;
				CODE_SIGN_IDENTITY = "iPhone Developer";
				"CODE_SIGN_IDENTITY[sdk=iphoneos*]" = "iPhone Developer";
				DEVELOPMENT_TEAM = 97LHX2YDWA;
				INFOPLIST_FILE = BookReader/Info.plist;
				IPHONEOS_DEPLOYMENT_TARGET = 8.0;
				LD_RUNPATH_SEARCH_PATHS = "$(inherited) @executable_path/Frameworks";
				PRODUCT_BUNDLE_IDENTIFIER = com.smartdj.bookreader;
				PRODUCT_NAME = "$(TARGET_NAME)";
				PROVISIONING_PROFILE = "";
				PROVISIONING_PROFILE_SPECIFIER = "";
				SWIFT_VERSION = 2.3;
				TARGETED_DEVICE_FAMILY = "1,2";
			};
			name = Debug;
		};
		8EBFB8C71D78184800568EC7 /* Release */ = {
			isa = XCBuildConfiguration;
			baseConfigurationReference = 52C76522C03BA454C6BB14FB /* Pods-BookReader.release.xcconfig */;
			buildSettings = {
				ASSETCATALOG_COMPILER_APPICON_NAME = AppIcon;
				CODE_SIGN_IDENTITY = "iPhone Developer";
				"CODE_SIGN_IDENTITY[sdk=iphoneos*]" = "iPhone Developer";
				DEVELOPMENT_TEAM = 97LHX2YDWA;
				INFOPLIST_FILE = BookReader/Info.plist;
				IPHONEOS_DEPLOYMENT_TARGET = 8.0;
				LD_RUNPATH_SEARCH_PATHS = "$(inherited) @executable_path/Frameworks";
				PRODUCT_BUNDLE_IDENTIFIER = com.smartdj.bookreader;
				PRODUCT_NAME = "$(TARGET_NAME)";
				PROVISIONING_PROFILE = "";
				PROVISIONING_PROFILE_SPECIFIER = "";
				SWIFT_VERSION = 2.3;
				TARGETED_DEVICE_FAMILY = "1,2";
			};
			name = Release;
		};
		8EBFB8C91D78184800568EC7 /* Debug */ = {
			isa = XCBuildConfiguration;
			buildSettings = {
				BUNDLE_LOADER = "$(TEST_HOST)";
				INFOPLIST_FILE = BookReaderTests/Info.plist;
				LD_RUNPATH_SEARCH_PATHS = "$(inherited) @executable_path/Frameworks @loader_path/Frameworks";
				PRODUCT_BUNDLE_IDENTIFIER = com.meduotek.BookReaderTests;
				PRODUCT_NAME = "$(TARGET_NAME)";
				SWIFT_VERSION = 3.0;
				TEST_HOST = "$(BUILT_PRODUCTS_DIR)/BookReader.app/BookReader";
			};
			name = Debug;
		};
		8EBFB8CA1D78184800568EC7 /* Release */ = {
			isa = XCBuildConfiguration;
			buildSettings = {
				BUNDLE_LOADER = "$(TEST_HOST)";
				INFOPLIST_FILE = BookReaderTests/Info.plist;
				LD_RUNPATH_SEARCH_PATHS = "$(inherited) @executable_path/Frameworks @loader_path/Frameworks";
				PRODUCT_BUNDLE_IDENTIFIER = com.meduotek.BookReaderTests;
				PRODUCT_NAME = "$(TARGET_NAME)";
				SWIFT_VERSION = 3.0;
				TEST_HOST = "$(BUILT_PRODUCTS_DIR)/BookReader.app/BookReader";
			};
			name = Release;
		};
		8EBFB8CC1D78184800568EC7 /* Debug */ = {
			isa = XCBuildConfiguration;
			buildSettings = {
				INFOPLIST_FILE = BookReaderUITests/Info.plist;
				LD_RUNPATH_SEARCH_PATHS = "$(inherited) @executable_path/Frameworks @loader_path/Frameworks";
				PRODUCT_BUNDLE_IDENTIFIER = com.meduotek.BookReaderUITests;
				PRODUCT_NAME = "$(TARGET_NAME)";
				SWIFT_VERSION = 3.0;
				TEST_TARGET_NAME = BookReader;
			};
			name = Debug;
		};
		8EBFB8CD1D78184800568EC7 /* Release */ = {
			isa = XCBuildConfiguration;
			buildSettings = {
				INFOPLIST_FILE = BookReaderUITests/Info.plist;
				LD_RUNPATH_SEARCH_PATHS = "$(inherited) @executable_path/Frameworks @loader_path/Frameworks";
				PRODUCT_BUNDLE_IDENTIFIER = com.meduotek.BookReaderUITests;
				PRODUCT_NAME = "$(TARGET_NAME)";
				SWIFT_VERSION = 3.0;
				TEST_TARGET_NAME = BookReader;
			};
			name = Release;
		};
/* End XCBuildConfiguration section */

/* Begin XCConfigurationList section */
		8EBFB8981D78184800568EC7 /* Build configuration list for PBXProject "BookReader" */ = {
			isa = XCConfigurationList;
			buildConfigurations = (
				8EBFB8C31D78184800568EC7 /* Debug */,
				8EBFB8C41D78184800568EC7 /* Release */,
			);
			defaultConfigurationIsVisible = 0;
			defaultConfigurationName = Release;
		};
		8EBFB8C51D78184800568EC7 /* Build configuration list for PBXNativeTarget "BookReader" */ = {
			isa = XCConfigurationList;
			buildConfigurations = (
				8EBFB8C61D78184800568EC7 /* Debug */,
				8EBFB8C71D78184800568EC7 /* Release */,
			);
			defaultConfigurationIsVisible = 0;
			defaultConfigurationName = Release;
		};
		8EBFB8C81D78184800568EC7 /* Build configuration list for PBXNativeTarget "BookReaderTests" */ = {
			isa = XCConfigurationList;
			buildConfigurations = (
				8EBFB8C91D78184800568EC7 /* Debug */,
				8EBFB8CA1D78184800568EC7 /* Release */,
			);
			defaultConfigurationIsVisible = 0;
			defaultConfigurationName = Release;
		};
		8EBFB8CB1D78184800568EC7 /* Build configuration list for PBXNativeTarget "BookReaderUITests" */ = {
			isa = XCConfigurationList;
			buildConfigurations = (
				8EBFB8CC1D78184800568EC7 /* Debug */,
				8EBFB8CD1D78184800568EC7 /* Release */,
			);
			defaultConfigurationIsVisible = 0;
			defaultConfigurationName = Release;
		};
/* End XCConfigurationList section */
	};
	rootObject = 8EBFB8951D78184800568EC7 /* Project object */;
}
