PODS:
  - Alamofire (3.4.2)
  - AlamofireImage (2.4.1):
    - Alamofire (~> 3.3)
  - IQKeyboardManagerSwift (4.0.5)
  - LGHelper (1.1.2)
  - MBProgressHUD (1.0.0)
  - MJRefresh (3.1.12)
  - NightNight (0.3.1)
  - ObjectMapper (1.4.0)
  - Realm (1.0.2):
    - Realm/Headers (= 1.0.2)
  - Realm/Headers (1.0.2)
  - RealmSwift (1.0.2):
    - Realm (= 1.0.2)
  - Reveal-iOS-SDK (1.6.2)
  - RTRootNavigationController (0.5.20)
  - SDCycleScrollView (1.65):
    - SDWebImage (~> 3.7)
  - SDWebImage (3.8.1):
    - SDWebImage/Core (= 3.8.1)
  - SDWebImage/Core (3.8.1)
  - SnapKit (0.22.0)
  - SweetAlert (0.1.0)
  - TYAttributedLabel (2.6.2)
  - UITableView+FDTemplateLayoutCell (1.4)
  - XCGLogger (3.5.1)
  - XLPagerTabStrip (5.0.0)

DEPENDENCIES:
  - Alamofire (~> 3.4)
  - AlamofireImage (~> 2.0)
  - IQKeyboardManagerSwift
  - LGHelper (from `https://github.com/smartdj/LGHelper.git`)
  - MBProgressHUD
  - MJRefresh
  - NightNight
  - ObjectMapper
  - RealmSwift
  - Reveal-iOS-SDK
  - RTRootNavigationController
  - SDCycleScrollView (~> 1.64)
  - SnapKit
  - SweetAlert (from `https://github.com/codestergit/SweetAlert-iOS.git`)
  - TYAttributedLabel (~> 2.6.2)
  - UITableView+FDTemplateLayoutCell
  - XCGLogger (~> 3.3)
  - XLPagerTabStrip (~> 5.0)

EXTERNAL SOURCES:
  LGHelper:
    :git: https://github.com/smartdj/LGHelper.git
  SweetAlert:
    :git: https://github.com/codestergit/SweetAlert-iOS.git

CHECKOUT OPTIONS:
  LGHelper:
    :commit: 47d33ec1503f680ea3400ad7f0b3ef419e768220
    :git: https://github.com/smartdj/LGHelper.git
  SweetAlert:
    :commit: 36750d5eba843f43f3344124e953b62d697c5eeb
    :git: https://github.com/codestergit/SweetAlert-iOS.git

SPEC CHECKSUMS:
  Alamofire: 6aa33201d20d069e1598891cf928883ff1888c7a
  AlamofireImage: 3ccf3347d9ea24580dc11fb892770a0be6a29826
  IQKeyboardManagerSwift: 41fd3a45a2cdb2a0e031af697708a95b865068a1
  LGHelper: e1976649226bb222c1dcb9a0452c654f095af525
  MBProgressHUD: 4890f671c94e8a0f3cf959aa731e9de2f036d71a
  MJRefresh: b96cdb21c4aa75a7b07654311ab2f315c497e806
  NightNight: c3ff139aace06406787b7c6cc85e4d954f53e29a
  ObjectMapper: a07ad0462c5adf014adc0f89ef04c29b626e855e
  Realm: 9d5c46a4d7d27958530a8dfc58f63a99e5c2cba3
  RealmSwift: 82f3ac5e24530143dddfde2033acc0d308f27d96
  Reveal-iOS-SDK: e2250b3c155bcfac53ae223ddc1f76d08f206c33
  RTRootNavigationController: 768b8ef4b3b2473a20e75db8f73ab6e4110321be
  SDCycleScrollView: f72904c77698a7f93a41bcbbc2d78b073bf7326c
  SDWebImage: 35f9627a3e44b4f292a8a8ce6a531fa488239b91
  SnapKit: 0dd2fd157330f1ea11fd84da13e6be8a7a22bae0
  SweetAlert: c2a033cd37f8aa2ac50d9644cce3fa7304eae725
  TYAttributedLabel: 1c1f1e7604043ba584e005d4fd3aee8a1a7a2020
  UITableView+FDTemplateLayoutCell: 234e1582bcc4e18461af91155123bb96538ed030
  XCGLogger: 94829865eea6fcc1f9a49e23bdc9f120a6848f30
  XLPagerTabStrip: 87b8b705f9a7178e76a063ffaa2d70045944a965

COCOAPODS: 0.39.0
