PODS:
  - Alamofire (3.5.1)
  - AlamofireImage (2.5.0):
    - Alamofire (~> 3.5)
  - AlamofireObjectMapper (3.0.2):
    - Alamofire (~> 3.2)
    - ObjectMapper (~> 1.0)
  - DrawerController (2.0.0):
    - DrawerController/Core (= 2.0.0)
    - DrawerController/DrawerVisualStates (= 2.0.0)
  - DrawerController/Core (2.0.0)
  - DrawerController/DrawerVisualStates (2.0.0):
    - DrawerController/Core
  - IQKeyboardManagerSwift (4.0.5)
  - LGHelper (1.1.2)
  - MBProgressHUD (1.0.0)
  - MJRefresh (3.1.12)
  - NightNight (0.3.1)
  - ObjectMapper (1.5.0)
  - OMGHTTPURLRQ (3.2.0):
    - OMGHTTPURLRQ/RQ (= 3.2.0)
  - OMGHTTPURLRQ/FormURLEncode (3.2.0)
  - OMGHTTPURLRQ/RQ (3.2.0):
    - OMGHTTPURLRQ/FormURLEncode
    - OMGHTTPURLRQ/UserAgent
  - OMGHTTPURLRQ/UserAgent (3.2.0)
  - PromiseKit (3.5.1):
    - PromiseKit/Foundation (= 3.5.1)
    - PromiseKit/QuartzCore (= 3.5.1)
    - PromiseKit/UIKit (= 3.5.1)
  - PromiseKit/CorePromise (3.5.1)
  - PromiseKit/Foundation (3.5.1):
    - OMGHTTPURLRQ (~> 3.2.0)
    - PromiseKit/CorePromise
  - PromiseKit/QuartzCore (3.5.1):
    - PromiseKit/CorePromise
  - PromiseKit/UIKit (3.5.1):
    - PromiseKit/CorePromise
  - Realm (2.0.3):
    - Realm/Headers (= 2.0.3)
  - Realm/Headers (2.0.3)
  - RealmSwift (2.0.3):
    - Realm (= 2.0.3)
  - Reveal-iOS-SDK (1.6.2)
  - RTRootNavigationController (0.5.22)
  - SnapKit (0.22.0)
  - SWTableViewCell (0.3.7)
  - TYAttributedLabel (2.6.2)
  - UITableView+FDTemplateLayoutCell (1.4)
  - XCGLogger (3.6.0)
  - XLPagerTabStrip (5.1.0)

DEPENDENCIES:
  - Alamofire
  - AlamofireImage
  - AlamofireObjectMapper (= 3.0.2)
  - DrawerController (= 2.0.0)
  - IQKeyboardManagerSwift (= 4.0.5)
  - LGHelper (from `https://github.com/smartdj/LGHelper.git`)
  - MBProgressHUD
  - MJRefresh
  - NightNight
  - PromiseKit (~> 3.5)
  - RealmSwift
  - Reveal-iOS-SDK
  - RTRootNavigationController
  - SnapKit (= 0.22.0)
  - SWTableViewCell
  - TYAttributedLabel (~> 2.6.2)
  - UITableView+FDTemplateLayoutCell
  - XCGLogger (= 3.6.0)
  - XLPagerTabStrip (~> 5.0)

EXTERNAL SOURCES:
  LGHelper:
    :git: https://github.com/smartdj/LGHelper.git

CHECKOUT OPTIONS:
  LGHelper:
    :commit: d9d7eea8e379669bbf2a648192161e8596768dc0
    :git: https://github.com/smartdj/LGHelper.git

SPEC CHECKSUMS:
  Alamofire: 0dfba1184a543e2aa160f4e39cac4e8aba48d223
  AlamofireImage: 2d34936e5201270bb17a316a786e90e83b4a249d
  AlamofireObjectMapper: 70f97cbf45c01c48d26aa07a1a7059a60ed7411d
  DrawerController: c23e650b135c2192a598d0d1d14c6f4e716ea143
  IQKeyboardManagerSwift: 41fd3a45a2cdb2a0e031af697708a95b865068a1
  LGHelper: e1976649226bb222c1dcb9a0452c654f095af525
  MBProgressHUD: 4890f671c94e8a0f3cf959aa731e9de2f036d71a
  MJRefresh: b96cdb21c4aa75a7b07654311ab2f315c497e806
  NightNight: c3ff139aace06406787b7c6cc85e4d954f53e29a
  ObjectMapper: 386645adca9d9d23b95eda43090b09d66444cf14
  OMGHTTPURLRQ: 1e54807cb7d5dbb506926e53498e1e9ac5720c79
  PromiseKit: 99ea973444a4bff6c38ffb97fa1bb175e619bcf0
  Realm: 5f008bfe3c8c47142eddfc30b8c1584cde22db24
  RealmSwift: 5afb451f65b682242f272dbb52d5c6f6e343c980
  Reveal-iOS-SDK: e2250b3c155bcfac53ae223ddc1f76d08f206c33
  RTRootNavigationController: cf134c044a8ce14d97fc668847ed4567efc53f91
  SnapKit: 0dd2fd157330f1ea11fd84da13e6be8a7a22bae0
  SWTableViewCell: 2a94aadc9d47b2b611fa064566bf57948b95b579
  TYAttributedLabel: 1c1f1e7604043ba584e005d4fd3aee8a1a7a2020
  UITableView+FDTemplateLayoutCell: 234e1582bcc4e18461af91155123bb96538ed030
  XCGLogger: 53a3efe22e228e8b25ed8184bc074c2b06d48490
  XLPagerTabStrip: 9191deaa2336735b7c47beb21e42be537fa4242a

PODFILE CHECKSUM: b1053730100085b6bc2411f617378c83faa56709

COCOAPODS: 1.1.0.beta.2
